
Microsoft Visual Studio Solution File, Format Version 12.00
# Visual Studio Version 16
VisualStudioVersion = 16.0.31729.503
MinimumVisualStudioVersion = 10.0.40219.1
Project("{9A19103F-16F7-4668-BE54-9A1E7A4F7556}") = "Lesson3", "Lesson3\Lesson3.csproj", "{769AF600-5EB8-4208-9B4A-B540B1DAB383}"
EndProject
Global
	GlobalSection(SolutionConfigurationPlatforms) = preSolution
		Debug|Any CPU = Debug|Any CPU
		Release|Any CPU = Release|Any CPU
	EndGlobalSection
	GlobalSection(ProjectConfigurationPlatforms) = postSolution
		{769AF600-5EB8-4208-9B4A-B540B1DAB383}.Debug|Any CPU.ActiveCfg = Debug|Any CPU
		{769AF600-5EB8-4208-9B4A-B540B1DAB383}.Debug|Any CPU.Build.0 = Debug|Any CPU
		{769AF600-5EB8-4208-9B4A-B540B1DAB383}.Release|Any CPU.ActiveCfg = Release|Any CPU
		{769AF600-5EB8-4208-9B4A-B540B1DAB383}.Release|Any CPU.Build.0 = Release|Any CPU
	EndGlobalSection
	GlobalSection(SolutionProperties) = preSolution
		HideSolutionNode = FALSE
	EndGlobalSection
	GlobalSection(ExtensibilityGlobals) = postSolution
		SolutionGuid = {45589051-93F4-425D-B4A1-7E2A4BA0893A}
	EndGlobalSection
EndGlobal
